<?xml version="1.0" encoding="utf-8"?>
<Project ToolsVersion="4.0" xmlns="http://schemas.microsoft.com/developer/msbuild/2003">
  <ItemGroup>
    <Filter Include="Source Files">
      <UniqueIdentifier>{4FC737F1-C7A5-4376-A066-2A32D752A2FF}</UniqueIdentifier>
      <Extensions>cpp;c;cc;cxx;def;odl;idl;hpj;bat;asm;asmx</Extensions>
    </Filter>
    <Filter Include="Header Files">
      <UniqueIdentifier>{93995380-89BD-4b04-88EB-625FBE52EBFB}</UniqueIdentifier>
      <Extensions>h;hpp;hxx;hm;inl;inc;xsd</Extensions>
    </Filter>
    <Filter Include="Resource Files">
      <UniqueIdentifier>{67DA6AB6-F800-4c08-8B7A-83BB121AAD01}</UniqueIdentifier>
      <Extensions>rc;ico;cur;bmp;dlg;rc2;rct;bin;rgs;gif;jpg;jpeg;jpe;resx;tiff;tif;png;wav</Extensions>
    </Filter>
    <Filter Include="EZLCDWrapperFiles">
      <UniqueIdentifier>{0517a091-8b5f-4f6f-b499-c9307b2e46e6}</UniqueIdentifier>
    </Filter>
    <Filter Include="Shared">
      <UniqueIdentifier>{bb49845c-9f6c-42d4-b93e-c292f00b91f9}</UniqueIdentifier>
    </Filter>
    <Filter Include="Shared\LCDUI">
      <UniqueIdentifier>{f5abb318-8bdd-45a2-9783-66fa28755c97}</UniqueIdentifier>
    </Filter>
    <Filter Include="Shared\LCDUI\Include">
      <UniqueIdentifier>{ffcb73c3-aa2a-4765-95f8-51401b68402b}</UniqueIdentifier>
    </Filter>
    <Filter Include="Shared\LCDUI\Src">
      <UniqueIdentifier>{0ea5a3b7-86b5-4368-acb1-fed17cef7c5b}</UniqueIdentifier>
    </Filter>
  </ItemGroup>
  <ItemGroup>
    <ClCompile Include="ColorAndMono.cpp">
      <Filter>Source Files</Filter>
    </ClCompile>
    <ClCompile Include="stdafx.cpp">
      <Filter>Source Files</Filter>
    </ClCompile>
    <ClCompile Include="..\..\Src\EZ_LCD.cpp">
      <Filter>EZLCDWrapperFiles</Filter>
    </ClCompile>
    <ClCompile Include="..\..\Src\EZ_LCD_Page.cpp">
      <Filter>EZLCDWrapperFiles</Filter>
    </ClCompile>
    <ClCompile Include="..\..\Src\LCDUI\LCDAnimatedBitmap.cpp">
      <Filter>Shared\LCDUI\Src</Filter>
    </ClCompile>
    <ClCompile Include="..\..\Src\LCDUI\LCDBase.cpp">
      <Filter>Shared\LCDUI\Src</Filter>
    </ClCompile>
    <ClCompile Include="..\..\Src\LCDUI\LCDBitmap.cpp">
      <Filter>Shared\LCDUI\Src</Filter>
    </ClCompile>
    <ClCompile Include="..\..\Src\LCDUI\LCDCollection.cpp">
      <Filter>Shared\LCDUI\Src</Filter>
    </ClCompile>
    <ClCompile Include="..\..\Src\LCDUI\LCDColorProgressBar.cpp">
      <Filter>Shared\LCDUI\Src</Filter>
    </ClCompile>
    <ClCompile Include="..\..\Src\LCDUI\LCDColorText.cpp">
      <Filter>Shared\LCDUI\Src</Filter>
    </ClCompile>
    <ClCompile Include="..\..\Src\LCDUI\LCDConnection.cpp">
      <Filter>Shared\LCDUI\Src</Filter>
    </ClCompile>
    <ClCompile Include="..\..\Src\LCDUI\LCDGfxBase.cpp">
      <Filter>Shared\LCDUI\Src</Filter>
    </ClCompile>
    <ClCompile Include="..\..\Src\LCDUI\LCDGfxColor.cpp">
      <Filter>Shared\LCDUI\Src</Filter>
    </ClCompile>
    <ClCompile Include="..\..\Src\LCDUI\LCDGfxMono.cpp">
      <Filter>Shared\LCDUI\Src</Filter>
    </ClCompile>
    <ClCompile Include="..\..\Src\LCDUI\LCDIcon.cpp">
      <Filter>Shared\LCDUI\Src</Filter>
    </ClCompile>
    <ClCompile Include="..\..\Src\LCDUI\LCDOutput.cpp">
      <Filter>Shared\LCDUI\Src</Filter>
    </ClCompile>
    <ClCompile Include="..\..\Src\LCDUI\LCDPage.cpp">
      <Filter>Shared\LCDUI\Src</Filter>
    </ClCompile>
    <ClCompile Include="..\..\Src\LCDUI\LCDPaginateText.cpp">
      <Filter>Shared\LCDUI\Src</Filter>
    </ClCompile>
    <ClCompile Include="..\..\Src\LCDUI\LCDPopup.cpp">
      <Filter>Shared\LCDUI\Src</Filter>
    </ClCompile>
    <ClCompile Include="..\..\Src\LCDUI\LCDProgressBar.cpp">
      <Filter>Shared\LCDUI\Src</Filter>
    </ClCompile>
    <ClCompile Include="..\..\Src\LCDUI\LCDScrollingText.cpp">
      <Filter>Shared\LCDUI\Src</Filter>
    </ClCompile>
    <ClCompile Include="..\..\Src\LCDUI\LCDSkinnedProgressBar.cpp">
      <Filter>Shared\LCDUI\Src</Filter>
    </ClCompile>
    <ClCompile Include="..\..\Src\LCDUI\LCDStreamingText.cpp">
      <Filter>Shared\LCDUI\Src</Filter>
    </ClCompile>
    <ClCompile Include="..\..\Src\LCDUI\LCDText.cpp">
      <Filter>Shared\LCDUI\Src</Filter>
    </ClCompile>
    <ClCompile Include="Bitmap.cpp">
      <Filter>Source Files</Filter>
    </ClCompile>
    <ClCompile Include="LogitechDll.cpp">
      <Filter>Source Files</Filter>
    </ClCompile>
    <ClCompile Include="Logitech.cpp">
      <Filter>Source Files</Filter>
    </ClCompile>
  </ItemGroup>
  <ItemGroup>
    <ClInclude Include="ColorAndMono.h">
      <Filter>Header Files</Filter>
    </ClInclude>
    <ClInclude Include="Resource.h">
      <Filter>Header Files</Filter>
    </ClInclude>
    <ClInclude Include="stdafx.h">
      <Filter>Header Files</Filter>
    </ClInclude>
    <ClInclude Include="..\..\Src\EZ_LCD.h">
      <Filter>EZLCDWrapperFiles</Filter>
    </ClInclude>
    <ClInclude Include="..\..\Src\EZ_LCD_Defines.h">
      <Filter>EZLCDWrapperFiles</Filter>
    </ClInclude>
    <ClInclude Include="..\..\Src\EZ_LCD_Page.h">
      <Filter>EZLCDWrapperFiles</Filter>
    </ClInclude>
    <ClInclude Include="..\..\Src\lglcd.h">
      <Filter>Shared</Filter>
    </ClInclude>
    <ClInclude Include="..\..\Src\LCDUI\LCDAnimatedBitmap.h">
      <Filter>Shared\LCDUI\Include</Filter>
    </ClInclude>
    <ClInclude Include="..\..\Src\LCDUI\LCDBase.h">
      <Filter>Shared\LCDUI\Include</Filter>
    </ClInclude>
    <ClInclude Include="..\..\Src\LCDUI\LCDBitmap.h">
      <Filter>Shared\LCDUI\Include</Filter>
    </ClInclude>
    <ClInclude Include="..\..\Src\LCDUI\LCDCollection.h">
      <Filter>Shared\LCDUI\Include</Filter>
    </ClInclude>
    <ClInclude Include="..\..\Src\LCDUI\LCDColorProgressBar.h">
      <Filter>Shared\LCDUI\Include</Filter>
    </ClInclude>
    <ClInclude Include="..\..\Src\LCDUI\LCDColorText.h">
      <Filter>Shared\LCDUI\Include</Filter>
    </ClInclude>
    <ClInclude Include="..\..\Src\LCDUI\LCDConnection.h">
      <Filter>Shared\LCDUI\Include</Filter>
    </ClInclude>
    <ClInclude Include="..\..\Src\LCDUI\LCDGfxBase.h">
      <Filter>Shared\LCDUI\Include</Filter>
    </ClInclude>
    <ClInclude Include="..\..\Src\LCDUI\LCDGfxColor.h">
      <Filter>Shared\LCDUI\Include</Filter>
    </ClInclude>
    <ClInclude Include="..\..\Src\LCDUI\LCDGfxMono.h">
      <Filter>Shared\LCDUI\Include</Filter>
    </ClInclude>
    <ClInclude Include="..\..\Src\LCDUI\LCDIcon.h">
      <Filter>Shared\LCDUI\Include</Filter>
    </ClInclude>
    <ClInclude Include="..\..\Src\LCDUI\LCDOutput.h">
      <Filter>Shared\LCDUI\Include</Filter>
    </ClInclude>
    <ClInclude Include="..\..\Src\LCDUI\LCDPage.h">
      <Filter>Shared\LCDUI\Include</Filter>
    </ClInclude>
    <ClInclude Include="..\..\Src\LCDUI\LCDPaginateText.h">
      <Filter>Shared\LCDUI\Include</Filter>
    </ClInclude>
    <ClInclude Include="..\..\Src\LCDUI\LCDPopup.h">
      <Filter>Shared\LCDUI\Include</Filter>
    </ClInclude>
    <ClInclude Include="..\..\Src\LCDUI\LCDProgressBar.h">
      <Filter>Shared\LCDUI\Include</Filter>
    </ClInclude>
    <ClInclude Include="..\..\Src\LCDUI\LCDScrollingText.h">
      <Filter>Shared\LCDUI\Include</Filter>
    </ClInclude>
    <ClInclude Include="..\..\Src\LCDUI\LCDSkinnedProgressBar.h">
      <Filter>Shared\LCDUI\Include</Filter>
    </ClInclude>
    <ClInclude Include="..\..\Src\LCDUI\LCDStreamingText.h">
      <Filter>Shared\LCDUI\Include</Filter>
    </ClInclude>
    <ClInclude Include="..\..\Src\LCDUI\LCDText.h">
      <Filter>Shared\LCDUI\Include</Filter>
    </ClInclude>
    <ClInclude Include="..\..\Src\LCDUI\LCDUI.h">
      <Filter>Shared\LCDUI\Include</Filter>
    </ClInclude>
    <ClInclude Include="Bitmap.h">
      <Filter>Header Files</Filter>
    </ClInclude>
    <ClInclude Include="LogitechDll.h">
      <Filter>Header Files</Filter>
    </ClInclude>
    <ClInclude Include="Logitech.h">
      <Filter>Header Files</Filter>
    </ClInclude>
  </ItemGroup>
</Project>